
Microsoft Visual Studio Solution File, Format Version 12.00
# Visual Studio Version 16
VisualStudioVersion = 16.0.30503.244
MinimumVisualStudioVersion = 10.0.40219.1
Project("{9A19103F-16F7-4668-BE54-9A1E7A4F7556}") = "EvaluacionQS.Integration", "EvaluacionQS.Integration\EvaluacionQS.Integration.csproj", "{4DBBBBB4-A80D-42D5-AAAE-61C779F90F5A}"
EndProject
Project("{9A19103F-16F7-4668-BE54-9A1E7A4F7556}") = "EvaluacionQS.Service", "EvaluacionQS.Service\EvaluacionQS.Service.csproj", "{17AB44E5-6DB7-4BB0-AF53-A7AE3B427076}"
EndProject
Project("{9A19103F-16F7-4668-BE54-9A1E7A4F7556}") = "EvaluacionQS.Data", "EvaluacionQS.Data\EvaluacionQS.Data.csproj", "{9F197ACB-D13A-4827-B155-01E607E4F3BE}"
EndProject
Global
	GlobalSection(SolutionConfigurationPlatforms) = preSolution
		Debug|Any CPU = Debug|Any CPU
		Release|Any CPU = Release|Any CPU
	EndGlobalSection
	GlobalSection(ProjectConfigurationPlatforms) = postSolution
		{4DBBBBB4-A80D-42D5-AAAE-61C779F90F5A}.Debug|Any CPU.ActiveCfg = Debug|Any CPU
		{4DBBBBB4-A80D-42D5-AAAE-61C779F90F5A}.Debug|Any CPU.Build.0 = Debug|Any CPU
		{4DBBBBB4-A80D-42D5-AAAE-61C779F90F5A}.Release|Any CPU.ActiveCfg = Release|Any CPU
		{4DBBBBB4-A80D-42D5-AAAE-61C779F90F5A}.Release|Any CPU.Build.0 = Release|Any CPU
		{17AB44E5-6DB7-4BB0-AF53-A7AE3B427076}.Debug|Any CPU.ActiveCfg = Debug|Any CPU
		{17AB44E5-6DB7-4BB0-AF53-A7AE3B427076}.Debug|Any CPU.Build.0 = Debug|Any CPU
		{17AB44E5-6DB7-4BB0-AF53-A7AE3B427076}.Release|Any CPU.ActiveCfg = Release|Any CPU
		{17AB44E5-6DB7-4BB0-AF53-A7AE3B427076}.Release|Any CPU.Build.0 = Release|Any CPU
		{9F197ACB-D13A-4827-B155-01E607E4F3BE}.Debug|Any CPU.ActiveCfg = Debug|Any CPU
		{9F197ACB-D13A-4827-B155-01E607E4F3BE}.Debug|Any CPU.Build.0 = Debug|Any CPU
		{9F197ACB-D13A-4827-B155-01E607E4F3BE}.Release|Any CPU.ActiveCfg = Release|Any CPU
		{9F197ACB-D13A-4827-B155-01E607E4F3BE}.Release|Any CPU.Build.0 = Release|Any CPU
	EndGlobalSection
	GlobalSection(SolutionProperties) = preSolution
		HideSolutionNode = FALSE
	EndGlobalSection
	GlobalSection(ExtensibilityGlobals) = postSolution
		SolutionGuid = {883785B4-06C1-48E0-BDE3-75B94F707B6D}
	EndGlobalSection
EndGlobal
